
Microsoft Visual Studio Solution File, Format Version 12.00
# Visual Studio Version 17
VisualStudioVersion = 17.1.32328.378
MinimumVisualStudioVersion = 10.0.40219.1
Project("{FAE04EC0-301F-11D3-BF4B-00C04F79EFBC}") = "Zad4", "Zad4.csproj", "{3172A0EA-E5F0-4A62-BFA8-9316E964D822}"
EndProject
Global
	GlobalSection(SolutionConfigurationPlatforms) = preSolution
		Debug|Any CPU = Debug|Any CPU
		Release|Any CPU = Release|Any CPU
	EndGlobalSection
	GlobalSection(ProjectConfigurationPlatforms) = postSolution
		{3172A0EA-E5F0-4A62-BFA8-9316E964D822}.Debug|Any CPU.ActiveCfg = Debug|Any CPU
		{3172A0EA-E5F0-4A62-BFA8-9316E964D822}.Debug|Any CPU.Build.0 = Debug|Any CPU
		{3172A0EA-E5F0-4A62-BFA8-9316E964D822}.Release|Any CPU.ActiveCfg = Release|Any CPU
		{3172A0EA-E5F0-4A62-BFA8-9316E964D822}.Release|Any CPU.Build.0 = Release|Any CPU
	EndGlobalSection
	GlobalSection(SolutionProperties) = preSolution
		HideSolutionNode = FALSE
	EndGlobalSection
	GlobalSection(ExtensibilityGlobals) = postSolution
		SolutionGuid = {76DFC602-E3B9-45BA-B29D-BBC98A4682C4}
	EndGlobalSection
EndGlobal
